
Microsoft Visual Studio Solution File, Format Version 12.00
# Visual Studio 15
VisualStudioVersion = 15.0.28307.168
MinimumVisualStudioVersion = 10.0.40219.1
Project("{FAE04EC0-301F-11D3-BF4B-00C04F79EFBC}") = "POS", "POS\POS.csproj", "{7DECE6E9-31C0-45C8-BA5A-AE35564F618D}"
EndProject
Global
	GlobalSection(SolutionConfigurationPlatforms) = preSolution
		Debug|Any CPU = Debug|Any CPU
		Release|Any CPU = Release|Any CPU
	EndGlobalSection
	GlobalSection(ProjectConfigurationPlatforms) = postSolution
		{7DECE6E9-31C0-45C8-BA5A-AE35564F618D}.Debug|Any CPU.ActiveCfg = Debug|Any CPU
		{7DECE6E9-31C0-45C8-BA5A-AE35564F618D}.Debug|Any CPU.Build.0 = Debug|Any CPU
		{7DECE6E9-31C0-45C8-BA5A-AE35564F618D}.Release|Any CPU.ActiveCfg = Release|Any CPU
		{7DECE6E9-31C0-45C8-BA5A-AE35564F618D}.Release|Any CPU.Build.0 = Release|Any CPU
	EndGlobalSection
	GlobalSection(SolutionProperties) = preSolution
		HideSolutionNode = FALSE
	EndGlobalSection
	GlobalSection(ExtensibilityGlobals) = postSolution
		SolutionGuid = {CE0E13FD-2330-40E9-8792-F515C3965D27}
	EndGlobalSection
EndGlobal
